// !$*UTF8*$!
{
	archiveVersion = 1;
	classes = {
	};
	objectVersion = 46;
	objects = {

/* Begin PBXBuildFile section */
		735F2635D15EC51AEDD3A542 /* Pods_RemoteAlarm.framework in Frameworks */ = {isa = PBXBuildFile; fileRef = D9862755A6853D121BE95A24 /* Pods_RemoteAlarm.framework */; };
		B699E48B1CD5DDED00A5240A /* AppDelegate.swift in Sources */ = {isa = PBXBuildFile; fileRef = B699E48A1CD5DDED00A5240A /* AppDelegate.swift */; };
		B699E48D1CD5DDED00A5240A /* ViewController.swift in Sources */ = {isa = PBXBuildFile; fileRef = B699E48C1CD5DDED00A5240A /* ViewController.swift */; };
		B699E4901CD5DDED00A5240A /* Main.storyboard in Resources */ = {isa = PBXBuildFile; fileRef = B699E48E1CD5DDED00A5240A /* Main.storyboard */; };
		B699E4921CD5DDED00A5240A /* Assets.xcassets in Resources */ = {isa = PBXBuildFile; fileRef = B699E4911CD5DDED00A5240A /* Assets.xcassets */; };
		B699E4951CD5DDED00A5240A /* LaunchScreen.storyboard in Resources */ = {isa = PBXBuildFile; fileRef = B699E4931CD5DDED00A5240A /* LaunchScreen.storyboard */; };
		B699E4A01CD5DDED00A5240A /* RemoteAlarmTests.swift in Sources */ = {isa = PBXBuildFile; fileRef = B699E49F1CD5DDED00A5240A /* RemoteAlarmTests.swift */; };
		B699E4AB1CD9F1C700A5240A /* Trigger.swift in Sources */ = {isa = PBXBuildFile; fileRef = B699E4AA1CD9F1C700A5240A /* Trigger.swift */; };
/* End PBXBuildFile section */

/* Begin PBXContainerItemProxy section */
		B699E49C1CD5DDED00A5240A /* PBXContainerItemProxy */ = {
			isa = PBXContainerItemProxy;
			containerPortal = B699E47F1CD5DDED00A5240A /* Project object */;
			proxyType = 1;
			remoteGlobalIDString = B699E4861CD5DDED00A5240A;
			remoteInfo = RemoteAlarm;
		};
/* End PBXContainerItemProxy section */

/* Begin PBXFileReference section */
		56F0473CD012D4F720CA6EE6 /* Pods-RemoteAlarm.debug.xcconfig */ = {isa = PBXFileReference; includeInIndex = 1; lastKnownFileType = text.xcconfig; name = "Pods-RemoteAlarm.debug.xcconfig"; path = "Pods/Target Support Files/Pods-RemoteAlarm/Pods-RemoteAlarm.debug.xcconfig"; sourceTree = "<group>"; };
		88A3D7E62A3A487A5242731D /* Pods.framework */ = {isa = PBXFileReference; explicitFileType = wrapper.framework; includeInIndex = 0; path = Pods.framework; sourceTree = BUILT_PRODUCTS_DIR; };
		B699E4871CD5DDED00A5240A /* RemoteAlarm.app */ = {isa = PBXFileReference; explicitFileType = wrapper.application; includeInIndex = 0; path = RemoteAlarm.app; sourceTree = BUILT_PRODUCTS_DIR; };
		B699E48A1CD5DDED00A5240A /* AppDelegate.swift */ = {isa = PBXFileReference; lastKnownFileType = sourcecode.swift; path = AppDelegate.swift; sourceTree = "<group>"; };
		B699E48C1CD5DDED00A5240A /* ViewController.swift */ = {isa = PBXFileReference; lastKnownFileType = sourcecode.swift; path = ViewController.swift; sourceTree = "<group>"; };
		B699E48F1CD5DDED00A5240A /* Base */ = {isa = PBXFileReference; lastKnownFileType = file.storyboard; name = Base; path = Base.lproj/Main.storyboard; sourceTree = "<group>"; };
		B699E4911CD5DDED00A5240A /* Assets.xcassets */ = {isa = PBXFileReference; lastKnownFileType = folder.assetcatalog; path = Assets.xcassets; sourceTree = "<group>"; };
		B699E4941CD5DDED00A5240A /* Base */ = {isa = PBXFileReference; lastKnownFileType = file.storyboard; name = Base; path = Base.lproj/LaunchScreen.storyboard; sourceTree = "<group>"; };
		B699E4961CD5DDED00A5240A /* Info.plist */ = {isa = PBXFileReference; lastKnownFileType = text.plist.xml; path = Info.plist; sourceTree = "<group>"; };
		B699E49B1CD5DDED00A5240A /* RemoteAlarmTests.xctest */ = {isa = PBXFileReference; explicitFileType = wrapper.cfbundle; includeInIndex = 0; path = RemoteAlarmTests.xctest; sourceTree = BUILT_PRODUCTS_DIR; };
		B699E49F1CD5DDED00A5240A /* RemoteAlarmTests.swift */ = {isa = PBXFileReference; lastKnownFileType = sourcecode.swift; path = RemoteAlarmTests.swift; sourceTree = "<group>"; };
		B699E4A11CD5DDED00A5240A /* Info.plist */ = {isa = PBXFileReference; lastKnownFileType = text.plist.xml; path = Info.plist; sourceTree = "<group>"; };
		B699E4AA1CD9F1C700A5240A /* Trigger.swift */ = {isa = PBXFileReference; fileEncoding = 4; lastKnownFileType = sourcecode.swift; path = Trigger.swift; sourceTree = "<group>"; };
		C08D9F9300FB13CC0EFFF3D7 /* Pods-RemoteAlarm.release.xcconfig */ = {isa = PBXFileReference; includeInIndex = 1; lastKnownFileType = text.xcconfig; name = "Pods-RemoteAlarm.release.xcconfig"; path = "Pods/Target Support Files/Pods-RemoteAlarm/Pods-RemoteAlarm.release.xcconfig"; sourceTree = "<group>"; };
		D9862755A6853D121BE95A24 /* Pods_RemoteAlarm.framework */ = {isa = PBXFileReference; explicitFileType = wrapper.framework; includeInIndex = 0; path = Pods_RemoteAlarm.framework; sourceTree = BUILT_PRODUCTS_DIR; };
/* End PBXFileReference section */

/* Begin PBXFrameworksBuildPhase section */
		B699E4841CD5DDED00A5240A /* Frameworks */ = {
			isa = PBXFrameworksBuildPhase;
			buildActionMask = 2147483647;
			files = (
				735F2635D15EC51AEDD3A542 /* Pods_RemoteAlarm.framework in Frameworks */,
			);
			runOnlyForDeploymentPostprocessing = 0;
		};
		B699E4981CD5DDED00A5240A /* Frameworks */ = {
			isa = PBXFrameworksBuildPhase;
			buildActionMask = 2147483647;
			files = (
			);
			runOnlyForDeploymentPostprocessing = 0;
		};
/* End PBXFrameworksBuildPhase section */

/* Begin PBXGroup section */
		2238A9C8792665572F8AE2D7 /* Pods */ = {
			isa = PBXGroup;
			children = (
				56F0473CD012D4F720CA6EE6 /* Pods-RemoteAlarm.debug.xcconfig */,
				C08D9F9300FB13CC0EFFF3D7 /* Pods-RemoteAlarm.release.xcconfig */,
			);
			name = Pods;
			sourceTree = "<group>";
		};
		4A61815631E39F09BF9B9A2D /* Frameworks */ = {
			isa = PBXGroup;
			children = (
				88A3D7E62A3A487A5242731D /* Pods.framework */,
				D9862755A6853D121BE95A24 /* Pods_RemoteAlarm.framework */,
			);
			name = Frameworks;
			sourceTree = "<group>";
		};
		B699E47E1CD5DDED00A5240A = {
			isa = PBXGroup;
			children = (
				B699E4891CD5DDED00A5240A /* RemoteAlarm */,
				B699E49E1CD5DDED00A5240A /* RemoteAlarmTests */,
				B699E4881CD5DDED00A5240A /* Products */,
				4A61815631E39F09BF9B9A2D /* Frameworks */,
				2238A9C8792665572F8AE2D7 /* Pods */,
			);
			sourceTree = "<group>";
		};
		B699E4881CD5DDED00A5240A /* Products */ = {
			isa = PBXGroup;
			children = (
				B699E4871CD5DDED00A5240A /* RemoteAlarm.app */,
				B699E49B1CD5DDED00A5240A /* RemoteAlarmTests.xctest */,
			);
			name = Products;
			sourceTree = "<group>";
		};
		B699E4891CD5DDED00A5240A /* RemoteAlarm */ = {
			isa = PBXGroup;
			children = (
				B699E48A1CD5DDED00A5240A /* AppDelegate.swift */,
				B699E48C1CD5DDED00A5240A /* ViewController.swift */,
				B699E48E1CD5DDED00A5240A /* Main.storyboard */,
				B699E4911CD5DDED00A5240A /* Assets.xcassets */,
				B699E4931CD5DDED00A5240A /* LaunchScreen.storyboard */,
				B699E4961CD5DDED00A5240A /* Info.plist */,
				B699E4AA1CD9F1C700A5240A /* Trigger.swift */,
			);
			path = RemoteAlarm;
			sourceTree = "<group>";
		};
		B699E49E1CD5DDED00A5240A /* RemoteAlarmTests */ = {
			isa = PBXGroup;
			children = (
				B699E49F1CD5DDED00A5240A /* RemoteAlarmTests.swift */,
				B699E4A11CD5DDED00A5240A /* Info.plist */,
			);
			path = RemoteAlarmTests;
			sourceTree = "<group>";
		};
/* End PBXGroup section */

/* Begin PBXNativeTarget section */
		B699E4861CD5DDED00A5240A /* RemoteAlarm */ = {
			isa = PBXNativeTarget;
			buildConfigurationList = B699E4A41CD5DDED00A5240A /* Build configuration list for PBXNativeTarget "RemoteAlarm" */;
			buildPhases = (
				2629E34407240E24B800D375 /* [CP] Check Pods Manifest.lock */,
				B699E4831CD5DDED00A5240A /* Sources */,
				B699E4841CD5DDED00A5240A /* Frameworks */,
				B699E4851CD5DDED00A5240A /* Resources */,
				85EFD9B2F11A242827C3999B /* [CP] Embed Pods Frameworks */,
				EF92B33A1DC607FE6FE02719 /* [CP] Copy Pods Resources */,
				B6C871F91D244BC50065A9C3 /* Setup Fabric */,
			);
			buildRules = (
			);
			dependencies = (
			);
			name = RemoteAlarm;
			productName = RemoteAlarm;
			productReference = B699E4871CD5DDED00A5240A /* RemoteAlarm.app */;
			productType = "com.apple.product-type.application";
		};
		B699E49A1CD5DDED00A5240A /* RemoteAlarmTests */ = {
			isa = PBXNativeTarget;
			buildConfigurationList = B699E4A71CD5DDED00A5240A /* Build configuration list for PBXNativeTarget "RemoteAlarmTests" */;
			buildPhases = (
				B699E4971CD5DDED00A5240A /* Sources */,
				B699E4981CD5DDED00A5240A /* Frameworks */,
				B699E4991CD5DDED00A5240A /* Resources */,
			);
			buildRules = (
			);
			dependencies = (
				B699E49D1CD5DDED00A5240A /* PBXTargetDependency */,
			);
			name = RemoteAlarmTests;
			productName = RemoteAlarmTests;
			productReference = B699E49B1CD5DDED00A5240A /* RemoteAlarmTests.xctest */;
			productType = "com.apple.product-type.bundle.unit-test";
		};
/* End PBXNativeTarget section */

/* Begin PBXProject section */
		B699E47F1CD5DDED00A5240A /* Project object */ = {
			isa = PBXProject;
			attributes = {
				LastSwiftUpdateCheck = 0730;
				LastUpgradeCheck = 0800;
				ORGANIZATIONNAME = Binocracy;
				TargetAttributes = {
					B699E4861CD5DDED00A5240A = {
						CreatedOnToolsVersion = 7.3;
						DevelopmentTeam = SK4Y8NG3YD;
						LastSwiftMigration = 0800;
					};
					B699E49A1CD5DDED00A5240A = {
						CreatedOnToolsVersion = 7.3;
						LastSwiftMigration = 0800;
						TestTargetID = B699E4861CD5DDED00A5240A;
					};
				};
			};
			buildConfigurationList = B699E4821CD5DDED00A5240A /* Build configuration list for PBXProject "RemoteAlarm" */;
			compatibilityVersion = "Xcode 3.2";
			developmentRegion = English;
			hasScannedForEncodings = 0;
			knownRegions = (
				en,
				Base,
			);
			mainGroup = B699E47E1CD5DDED00A5240A;
			productRefGroup = B699E4881CD5DDED00A5240A /* Products */;
			projectDirPath = "";
			projectRoot = "";
			targets = (
				B699E4861CD5DDED00A5240A /* RemoteAlarm */,
				B699E49A1CD5DDED00A5240A /* RemoteAlarmTests */,
			);
		};
/* End PBXProject section */

/* Begin PBXResourcesBuildPhase section */
		B699E4851CD5DDED00A5240A /* Resources */ = {
			isa = PBXResourcesBuildPhase;
			buildActionMask = 2147483647;
			files = (
				B699E4951CD5DDED00A5240A /* LaunchScreen.storyboard in Resources */,
				B699E4921CD5DDED00A5240A /* Assets.xcassets in Resources */,
				B699E4901CD5DDED00A5240A /* Main.storyboard in Resources */,
			);
			runOnlyForDeploymentPostprocessing = 0;
		};
		B699E4991CD5DDED00A5240A /* Resources */ = {
			isa = PBXResourcesBuildPhase;
			buildActionMask = 2147483647;
			files = (
			);
			runOnlyForDeploymentPostprocessing = 0;
		};
/* End PBXResourcesBuildPhase section */

/* Begin PBXShellScriptBuildPhase section */
		2629E34407240E24B800D375 /* [CP] Check Pods Manifest.lock */ = {
			isa = PBXShellScriptBuildPhase;
			buildActionMask = 2147483647;
			files = (
			);
			inputPaths = (
			);
			name = "[CP] Check Pods Manifest.lock";
			outputPaths = (
			);
			runOnlyForDeploymentPostprocessing = 0;
			shellPath = /bin/sh;
			shellScript = "diff \"${PODS_ROOT}/../Podfile.lock\" \"${PODS_ROOT}/Manifest.lock\" > /dev/null\nif [ $? != 0 ] ; then\n    # print error to STDERR\n    echo \"error: The sandbox is not in sync with the Podfile.lock. Run 'pod install' or update your CocoaPods installation.\" >&2\n    exit 1\nfi\n";
			showEnvVarsInLog = 0;
		};
		85EFD9B2F11A242827C3999B /* [CP] Embed Pods Frameworks */ = {
			isa = PBXShellScriptBuildPhase;
			buildActionMask = 2147483647;
			files = (
			);
			inputPaths = (
			);
			name = "[CP] Embed Pods Frameworks";
			outputPaths = (
			);
			runOnlyForDeploymentPostprocessing = 0;
			shellPath = /bin/sh;
			shellScript = "\"${SRCROOT}/Pods/Target Support Files/Pods-RemoteAlarm/Pods-RemoteAlarm-frameworks.sh\"\n";
			showEnvVarsInLog = 0;
		};
		B6C871F91D244BC50065A9C3 /* Setup Fabric */ = {
			isa = PBXShellScriptBuildPhase;
			buildActionMask = 2147483647;
			files = (
			);
			inputPaths = (
			);
			name = "Setup Fabric";
			outputPaths = (
			);
			runOnlyForDeploymentPostprocessing = 0;
			shellPath = /bin/sh;
			shellScript = "\"${PODS_ROOT}/Fabric/run\" e843a818ff9ea978052698160e9a1b441d1a3c8d ccd5494a8ee75340f1106e523a92d91c04ba9e471a3c6be2ad7850ed12e66b88";
		};
		EF92B33A1DC607FE6FE02719 /* [CP] Copy Pods Resources */ = {
			isa = PBXShellScriptBuildPhase;
			buildActionMask = 2147483647;
			files = (
			);
			inputPaths = (
			);
			name = "[CP] Copy Pods Resources";
			outputPaths = (
			);
			runOnlyForDeploymentPostprocessing = 0;
			shellPath = /bin/sh;
			shellScript = "\"${SRCROOT}/Pods/Target Support Files/Pods-RemoteAlarm/Pods-RemoteAlarm-resources.sh\"\n";
			showEnvVarsInLog = 0;
		};
/* End PBXShellScriptBuildPhase section */

/* Begin PBXSourcesBuildPhase section */
		B699E4831CD5DDED00A5240A /* Sources */ = {
			isa = PBXSourcesBuildPhase;
			buildActionMask = 2147483647;
			files = (
				B699E48D1CD5DDED00A5240A /* ViewController.swift in Sources */,
				B699E4AB1CD9F1C700A5240A /* Trigger.swift in Sources */,
				B699E48B1CD5DDED00A5240A /* AppDelegate.swift in Sources */,
			);
			runOnlyForDeploymentPostprocessing = 0;
		};
		B699E4971CD5DDED00A5240A /* Sources */ = {
			isa = PBXSourcesBuildPhase;
			buildActionMask = 2147483647;
			files = (
				B699E4A01CD5DDED00A5240A /* RemoteAlarmTests.swift in Sources */,
			);
			runOnlyForDeploymentPostprocessing = 0;
		};
/* End PBXSourcesBuildPhase section */

/* Begin PBXTargetDependency section */
		B699E49D1CD5DDED00A5240A /* PBXTargetDependency */ = {
			isa = PBXTargetDependency;
			target = B699E4861CD5DDED00A5240A /* RemoteAlarm */;
			targetProxy = B699E49C1CD5DDED00A5240A /* PBXContainerItemProxy */;
		};
/* End PBXTargetDependency section */

/* Begin PBXVariantGroup section */
		B699E48E1CD5DDED00A5240A /* Main.storyboard */ = {
			isa = PBXVariantGroup;
			children = (
				B699E48F1CD5DDED00A5240A /* Base */,
			);
			name = Main.storyboard;
			sourceTree = "<group>";
		};
		B699E4931CD5DDED00A5240A /* LaunchScreen.storyboard */ = {
			isa = PBXVariantGroup;
			children = (
				B699E4941CD5DDED00A5240A /* Base */,
			);
			name = LaunchScreen.storyboard;
			sourceTree = "<group>";
		};
/* End PBXVariantGroup section */

/* Begin XCBuildConfiguration section */
		B699E4A21CD5DDED00A5240A /* Debug */ = {
			isa = XCBuildConfiguration;
			buildSettings = {
				ALWAYS_SEARCH_USER_PATHS = NO;
				CLANG_ANALYZER_NONNULL = YES;
				CLANG_CXX_LANGUAGE_STANDARD = "gnu++0x";
				CLANG_CXX_LIBRARY = "libc++";
				CLANG_ENABLE_MODULES = YES;
				CLANG_ENABLE_OBJC_ARC = YES;
				CLANG_WARN_BOOL_CONVERSION = YES;
				CLANG_WARN_CONSTANT_CONVERSION = YES;
				CLANG_WARN_DIRECT_OBJC_ISA_USAGE = YES_ERROR;
				CLANG_WARN_EMPTY_BODY = YES;
				CLANG_WARN_ENUM_CONVERSION = YES;
				CLANG_WARN_INFINITE_RECURSION = YES;
				CLANG_WARN_INT_CONVERSION = YES;
				CLANG_WARN_OBJC_ROOT_CLASS = YES_ERROR;
				CLANG_WARN_SUSPICIOUS_MOVE = YES;
				CLANG_WARN_UNREACHABLE_CODE = YES;
				CLANG_WARN__DUPLICATE_METHOD_MATCH = YES;
				"CODE_SIGN_IDENTITY[sdk=iphoneos*]" = "iPhone Developer";
				COPY_PHASE_STRIP = NO;
				DEBUG_INFORMATION_FORMAT = "dwarf-with-dsym";
				ENABLE_STRICT_OBJC_MSGSEND = YES;
				ENABLE_TESTABILITY = YES;
				GCC_C_LANGUAGE_STANDARD = gnu99;
				GCC_DYNAMIC_NO_PIC = NO;
				GCC_NO_COMMON_BLOCKS = YES;
				GCC_OPTIMIZATION_LEVEL = 0;
				GCC_PREPROCESSOR_DEFINITIONS = (
					"DEBUG=1",
					"$(inherited)",
				);
				GCC_WARN_64_TO_32_BIT_CONVERSION = YES;
				GCC_WARN_ABOUT_RETURN_TYPE = YES_ERROR;
				GCC_WARN_UNDECLARED_SELECTOR = YES;
				GCC_WARN_UNINITIALIZED_AUTOS = YES_AGGRESSIVE;
				GCC_WARN_UNUSED_FUNCTION = YES;
				GCC_WARN_UNUSED_VARIABLE = YES;
				IPHONEOS_DEPLOYMENT_TARGET = 9.3;
				MTL_ENABLE_DEBUG_INFO = YES;
				ONLY_ACTIVE_ARCH = YES;
				SDKROOT = iphoneos;
				SWIFT_OPTIMIZATION_LEVEL = "-Onone";
			};
			name = Debug;
		};
		B699E4A31CD5DDED00A5240A /* Release */ = {
			isa = XCBuildConfiguration;
			buildSettings = {
				ALWAYS_SEARCH_USER_PATHS = NO;
				CLANG_ANALYZER_NONNULL = YES;
				CLANG_CXX_LANGUAGE_STANDARD = "gnu++0x";
				CLANG_CXX_LIBRARY = "libc++";
				CLANG_ENABLE_MODULES = YES;
				CLANG_ENABLE_OBJC_ARC = YES;
				CLANG_WARN_BOOL_CONVERSION = YES;
				CLANG_WARN_CONSTANT_CONVERSION = YES;
				CLANG_WARN_DIRECT_OBJC_ISA_USAGE = YES_ERROR;
				CLANG_WARN_EMPTY_BODY = YES;
				CLANG_WARN_ENUM_CONVERSION = YES;
				CLANG_WARN_INFINITE_RECURSION = YES;
				CLANG_WARN_INT_CONVERSION = YES;
				CLANG_WARN_OBJC_ROOT_CLASS = YES_ERROR;
				CLANG_WARN_SUSPICIOUS_MOVE = YES;
				CLANG_WARN_UNREACHABLE_CODE = YES;
				CLANG_WARN__DUPLICATE_METHOD_MATCH = YES;
				"CODE_SIGN_IDENTITY[sdk=iphoneos*]" = "iPhone Developer";
				COPY_PHASE_STRIP = NO;
				DEBUG_INFORMATION_FORMAT = "dwarf-with-dsym";
				ENABLE_NS_ASSERTIONS = NO;
				ENABLE_STRICT_OBJC_MSGSEND = YES;
				GCC_C_LANGUAGE_STANDARD = gnu99;
				GCC_NO_COMMON_BLOCKS = YES;
				GCC_WARN_64_TO_32_BIT_CONVERSION = YES;
				GCC_WARN_ABOUT_RETURN_TYPE = YES_ERROR;
				GCC_WARN_UNDECLARED_SELECTOR = YES;
				GCC_WARN_UNINITIALIZED_AUTOS = YES_AGGRESSIVE;
				GCC_WARN_UNUSED_FUNCTION = YES;
				GCC_WARN_UNUSED_VARIABLE = YES;
				IPHONEOS_DEPLOYMENT_TARGET = 9.3;
				MTL_ENABLE_DEBUG_INFO = NO;
				SDKROOT = iphoneos;
				SWIFT_OPTIMIZATION_LEVEL = "-Owholemodule";
				VALIDATE_PRODUCT = YES;
			};
			name = Release;
		};
		B699E4A51CD5DDED00A5240A /* Debug */ = {
			isa = XCBuildConfiguration;
			baseConfigurationReference = 56F0473CD012D4F720CA6EE6 /* Pods-RemoteAlarm.debug.xcconfig */;
			buildSettings = {
				ALWAYS_EMBED_SWIFT_STANDARD_LIBRARIES = YES;
				ASSETCATALOG_COMPILER_APPICON_NAME = AppIcon;
				CODE_SIGN_IDENTITY = "iPhone Developer";
				"CODE_SIGN_IDENTITY[sdk=iphoneos*]" = "iPhone Developer";
				INFOPLIST_FILE = RemoteAlarm/Info.plist;
				LD_RUNPATH_SEARCH_PATHS = "$(inherited) @executable_path/Frameworks";
				PRODUCT_BUNDLE_IDENTIFIER = com.binocracy.RemoteAlarm;
				PRODUCT_NAME = "$(TARGET_NAME)";
				PROVISIONING_PROFILE = "";
				SWIFT_VERSION = 3.0;
			};
			name = Debug;
		};
		B699E4A61CD5DDED00A5240A /* Release */ = {
			isa = XCBuildConfiguration;
			baseConfigurationReference = C08D9F9300FB13CC0EFFF3D7 /* Pods-RemoteAlarm.release.xcconfig */;
			buildSettings = {
				ALWAYS_EMBED_SWIFT_STANDARD_LIBRARIES = YES;
				ASSETCATALOG_COMPILER_APPICON_NAME = AppIcon;
				CODE_SIGN_IDENTITY = "iPhone Developer";
				"CODE_SIGN_IDENTITY[sdk=iphoneos*]" = "iPhone Developer";
				INFOPLIST_FILE = RemoteAlarm/Info.plist;
				LD_RUNPATH_SEARCH_PATHS = "$(inherited) @executable_path/Frameworks";
				PRODUCT_BUNDLE_IDENTIFIER = com.binocracy.RemoteAlarm;
				PRODUCT_NAME = "$(TARGET_NAME)";
				PROVISIONING_PROFILE = "";
				SWIFT_VERSION = 3.0;
			};
			name = Release;
		};
		B699E4A81CD5DDED00A5240A /* Debug */ = {
			isa = XCBuildConfiguration;
			buildSettings = {
				BUNDLE_LOADER = "$(TEST_HOST)";
				INFOPLIST_FILE = RemoteAlarmTests/Info.plist;
				LD_RUNPATH_SEARCH_PATHS = "$(inherited) @executable_path/Frameworks @loader_path/Frameworks";
				PRODUCT_BUNDLE_IDENTIFIER = com.binocracy.RemoteAlarmTests;
				PRODUCT_NAME = "$(TARGET_NAME)";
				SWIFT_VERSION = 3.0;
				TEST_HOST = "$(BUILT_PRODUCTS_DIR)/RemoteAlarm.app/RemoteAlarm";
			};
			name = Debug;
		};
		B699E4A91CD5DDED00A5240A /* Release */ = {
			isa = XCBuildConfiguration;
			buildSettings = {
				BUNDLE_LOADER = "$(TEST_HOST)";
				INFOPLIST_FILE = RemoteAlarmTests/Info.plist;
				LD_RUNPATH_SEARCH_PATHS = "$(inherited) @executable_path/Frameworks @loader_path/Frameworks";
				PRODUCT_BUNDLE_IDENTIFIER = com.binocracy.RemoteAlarmTests;
				PRODUCT_NAME = "$(TARGET_NAME)";
				SWIFT_VERSION = 3.0;
				TEST_HOST = "$(BUILT_PRODUCTS_DIR)/RemoteAlarm.app/RemoteAlarm";
			};
			name = Release;
		};
/* End XCBuildConfiguration section */

/* Begin XCConfigurationList section */
		B699E4821CD5DDED00A5240A /* Build configuration list for PBXProject "RemoteAlarm" */ = {
			isa = XCConfigurationList;
			buildConfigurations = (
				B699E4A21CD5DDED00A5240A /* Debug */,
				B699E4A31CD5DDED00A5240A /* Release */,
			);
			defaultConfigurationIsVisible = 0;
			defaultConfigurationName = Release;
		};
		B699E4A41CD5DDED00A5240A /* Build configuration list for PBXNativeTarget "RemoteAlarm" */ = {
			isa = XCConfigurationList;
			buildConfigurations = (
				B699E4A51CD5DDED00A5240A /* Debug */,
				B699E4A61CD5DDED00A5240A /* Release */,
			);
			defaultConfigurationIsVisible = 0;
			defaultConfigurationName = Release;
		};
		B699E4A71CD5DDED00A5240A /* Build configuration list for PBXNativeTarget "RemoteAlarmTests" */ = {
			isa = XCConfigurationList;
			buildConfigurations = (
				B699E4A81CD5DDED00A5240A /* Debug */,
				B699E4A91CD5DDED00A5240A /* Release */,
			);
			defaultConfigurationIsVisible = 0;
			defaultConfigurationName = Release;
		};
/* End XCConfigurationList section */
	};
	rootObject = B699E47F1CD5DDED00A5240A /* Project object */;
}
